
Microsoft Visual Studio Solution File, Format Version 10.00
# Visual Studio 2008
Project("{FAE04EC0-301F-11D3-BF4B-00C04F79EFBC}") = "Bounce.Framework", "Bounce.Framework\Bounce.Framework.csproj", "{05E5A4A4-E497-4FDF-B843-8EE583F5D71E}"
EndProject
Project("{FAE04EC0-301F-11D3-BF4B-00C04F79EFBC}") = "Bounce.Console", "Bounce.Console\Bounce.Console.csproj", "{BD123B60-C18A-4446-808E-F4B81D0EE23D}"
EndProject
Project("{FAE04EC0-301F-11D3-BF4B-00C04F79EFBC}") = "Bounce.Framework.Tests", "Bounce.Tests\Bounce.Framework.Tests.csproj", "{0F0BBC36-D999-47EB-BA24-6A926C2B8641}"
EndProject
Project("{FAE04EC0-301F-11D3-BF4B-00C04F79EFBC}") = "Bounce.VisualStudio", "Bounce.VisualStudio\Bounce.VisualStudio.csproj", "{EE0A20D3-AABB-4100-B766-4CFF1AA38262}"
EndProject
Project("{FAE04EC0-301F-11D3-BF4B-00C04F79EFBC}") = "Bounce.VisualStudio.Tests", "Bounce.VisualStudio.Tests\Bounce.VisualStudio.Tests.csproj", "{9EC8ACD3-9693-4CA5-A733-D04DA0CF26CF}"
EndProject
Project("{FAE04EC0-301F-11D3-BF4B-00C04F79EFBC}") = "Bounce.Console.Tests", "Bounce.Console.Tests\Bounce.Console.Tests.csproj", "{2DD987A2-8501-4265-A731-A06F7E210F1E}"
EndProject
Project("{FAE04EC0-301F-11D3-BF4B-00C04F79EFBC}") = "TestBounceAssembly", "TestBounceAssembly\TestBounceAssembly.csproj", "{FFDD5742-FB1D-425F-91BA-58B097FFB51B}"
EndProject
Project("{2150E333-8FDC-42A3-9474-1A3956D46DE8}") = "Solution Items", "Solution Items", "{99A9728C-CE6A-4657-8E52-DA2302A37EC3}"
	ProjectSection(SolutionItems) = preProject
		README.markdown = README.markdown
	EndProjectSection
EndProject
Global
	GlobalSection(SolutionConfigurationPlatforms) = preSolution
		Debug|Any CPU = Debug|Any CPU
		Release|Any CPU = Release|Any CPU
	EndGlobalSection
	GlobalSection(ProjectConfigurationPlatforms) = postSolution
		{05E5A4A4-E497-4FDF-B843-8EE583F5D71E}.Debug|Any CPU.ActiveCfg = Debug|Any CPU
		{05E5A4A4-E497-4FDF-B843-8EE583F5D71E}.Debug|Any CPU.Build.0 = Debug|Any CPU
		{05E5A4A4-E497-4FDF-B843-8EE583F5D71E}.Release|Any CPU.ActiveCfg = Release|Any CPU
		{05E5A4A4-E497-4FDF-B843-8EE583F5D71E}.Release|Any CPU.Build.0 = Release|Any CPU
		{BD123B60-C18A-4446-808E-F4B81D0EE23D}.Debug|Any CPU.ActiveCfg = Debug|Any CPU
		{BD123B60-C18A-4446-808E-F4B81D0EE23D}.Debug|Any CPU.Build.0 = Debug|Any CPU
		{BD123B60-C18A-4446-808E-F4B81D0EE23D}.Release|Any CPU.ActiveCfg = Release|Any CPU
		{BD123B60-C18A-4446-808E-F4B81D0EE23D}.Release|Any CPU.Build.0 = Release|Any CPU
		{0F0BBC36-D999-47EB-BA24-6A926C2B8641}.Debug|Any CPU.ActiveCfg = Debug|Any CPU
		{0F0BBC36-D999-47EB-BA24-6A926C2B8641}.Debug|Any CPU.Build.0 = Debug|Any CPU
		{0F0BBC36-D999-47EB-BA24-6A926C2B8641}.Release|Any CPU.ActiveCfg = Release|Any CPU
		{0F0BBC36-D999-47EB-BA24-6A926C2B8641}.Release|Any CPU.Build.0 = Release|Any CPU
		{EE0A20D3-AABB-4100-B766-4CFF1AA38262}.Debug|Any CPU.ActiveCfg = Debug|Any CPU
		{EE0A20D3-AABB-4100-B766-4CFF1AA38262}.Debug|Any CPU.Build.0 = Debug|Any CPU
		{EE0A20D3-AABB-4100-B766-4CFF1AA38262}.Release|Any CPU.ActiveCfg = Release|Any CPU
		{EE0A20D3-AABB-4100-B766-4CFF1AA38262}.Release|Any CPU.Build.0 = Release|Any CPU
		{9EC8ACD3-9693-4CA5-A733-D04DA0CF26CF}.Debug|Any CPU.ActiveCfg = Debug|Any CPU
		{9EC8ACD3-9693-4CA5-A733-D04DA0CF26CF}.Debug|Any CPU.Build.0 = Debug|Any CPU
		{9EC8ACD3-9693-4CA5-A733-D04DA0CF26CF}.Release|Any CPU.ActiveCfg = Release|Any CPU
		{9EC8ACD3-9693-4CA5-A733-D04DA0CF26CF}.Release|Any CPU.Build.0 = Release|Any CPU
		{2DD987A2-8501-4265-A731-A06F7E210F1E}.Debug|Any CPU.ActiveCfg = Debug|Any CPU
		{2DD987A2-8501-4265-A731-A06F7E210F1E}.Debug|Any CPU.Build.0 = Debug|Any CPU
		{2DD987A2-8501-4265-A731-A06F7E210F1E}.Release|Any CPU.ActiveCfg = Release|Any CPU
		{2DD987A2-8501-4265-A731-A06F7E210F1E}.Release|Any CPU.Build.0 = Release|Any CPU
		{FFDD5742-FB1D-425F-91BA-58B097FFB51B}.Debug|Any CPU.ActiveCfg = Debug|Any CPU
		{FFDD5742-FB1D-425F-91BA-58B097FFB51B}.Debug|Any CPU.Build.0 = Debug|Any CPU
		{FFDD5742-FB1D-425F-91BA-58B097FFB51B}.Release|Any CPU.ActiveCfg = Release|Any CPU
		{FFDD5742-FB1D-425F-91BA-58B097FFB51B}.Release|Any CPU.Build.0 = Release|Any CPU
	EndGlobalSection
	GlobalSection(SolutionProperties) = preSolution
		HideSolutionNode = FALSE
	EndGlobalSection
EndGlobal
