
Microsoft Visual Studio Solution File, Format Version 10.00
# Visual Studio 2008
Project("{FAE04EC0-301F-11D3-BF4B-00C04F79EFBC}") = "Bounce", "Bounce\Bounce.csproj", "{05E5A4A4-E497-4FDF-B843-8EE583F5D71E}"
EndProject
Project("{FAE04EC0-301F-11D3-BF4B-00C04F79EFBC}") = "Bouncer.Console", "Bouncer.Console\Bouncer.Console.csproj", "{BD123B60-C18A-4446-808E-F4B81D0EE23D}"
EndProject
Project("{FAE04EC0-301F-11D3-BF4B-00C04F79EFBC}") = "Bounce.Tests", "Bounce.Tests\Bounce.Tests.csproj", "{0F0BBC36-D999-47EB-BA24-6A926C2B8641}"
EndProject
Project("{FAE04EC0-301F-11D3-BF4B-00C04F79EFBC}") = "Bounce.VisualStudio", "Bounce.VisualStudio\Bounce.VisualStudio.csproj", "{EE0A20D3-AABB-4100-B766-4CFF1AA38262}"
EndProject
Project("{FAE04EC0-301F-11D3-BF4B-00C04F79EFBC}") = "Bounce.VisualStudio.Tests", "Bounce.VisualStudio.Tests\Bounce.VisualStudio.Tests.csproj", "{9EC8ACD3-9693-4CA5-A733-D04DA0CF26CF}"
EndProject
Global
	GlobalSection(SolutionConfigurationPlatforms) = preSolution
		Debug|Any CPU = Debug|Any CPU
		Release|Any CPU = Release|Any CPU
	EndGlobalSection
	GlobalSection(ProjectConfigurationPlatforms) = postSolution
		{05E5A4A4-E497-4FDF-B843-8EE583F5D71E}.Debug|Any CPU.ActiveCfg = Debug|Any CPU
		{05E5A4A4-E497-4FDF-B843-8EE583F5D71E}.Debug|Any CPU.Build.0 = Debug|Any CPU
		{05E5A4A4-E497-4FDF-B843-8EE583F5D71E}.Release|Any CPU.ActiveCfg = Release|Any CPU
		{05E5A4A4-E497-4FDF-B843-8EE583F5D71E}.Release|Any CPU.Build.0 = Release|Any CPU
		{BD123B60-C18A-4446-808E-F4B81D0EE23D}.Debug|Any CPU.ActiveCfg = Debug|Any CPU
		{BD123B60-C18A-4446-808E-F4B81D0EE23D}.Debug|Any CPU.Build.0 = Debug|Any CPU
		{BD123B60-C18A-4446-808E-F4B81D0EE23D}.Release|Any CPU.ActiveCfg = Release|Any CPU
		{BD123B60-C18A-4446-808E-F4B81D0EE23D}.Release|Any CPU.Build.0 = Release|Any CPU
		{0F0BBC36-D999-47EB-BA24-6A926C2B8641}.Debug|Any CPU.ActiveCfg = Debug|Any CPU
		{0F0BBC36-D999-47EB-BA24-6A926C2B8641}.Debug|Any CPU.Build.0 = Debug|Any CPU
		{0F0BBC36-D999-47EB-BA24-6A926C2B8641}.Release|Any CPU.ActiveCfg = Release|Any CPU
		{0F0BBC36-D999-47EB-BA24-6A926C2B8641}.Release|Any CPU.Build.0 = Release|Any CPU
		{EE0A20D3-AABB-4100-B766-4CFF1AA38262}.Debug|Any CPU.ActiveCfg = Debug|Any CPU
		{EE0A20D3-AABB-4100-B766-4CFF1AA38262}.Debug|Any CPU.Build.0 = Debug|Any CPU
		{EE0A20D3-AABB-4100-B766-4CFF1AA38262}.Release|Any CPU.ActiveCfg = Release|Any CPU
		{EE0A20D3-AABB-4100-B766-4CFF1AA38262}.Release|Any CPU.Build.0 = Release|Any CPU
		{9EC8ACD3-9693-4CA5-A733-D04DA0CF26CF}.Debug|Any CPU.ActiveCfg = Debug|Any CPU
		{9EC8ACD3-9693-4CA5-A733-D04DA0CF26CF}.Debug|Any CPU.Build.0 = Debug|Any CPU
		{9EC8ACD3-9693-4CA5-A733-D04DA0CF26CF}.Release|Any CPU.ActiveCfg = Release|Any CPU
		{9EC8ACD3-9693-4CA5-A733-D04DA0CF26CF}.Release|Any CPU.Build.0 = Release|Any CPU
	EndGlobalSection
	GlobalSection(SolutionProperties) = preSolution
		HideSolutionNode = FALSE
	EndGlobalSection
EndGlobal
